
Microsoft Visual Studio Solution File, Format Version 11.00
# Visual Studio 2010
Project("{2150E333-8FDC-42A3-9474-1A3956D46DE8}") = "Libraries", "Libraries", "{84E05B26-2C67-4D75-A6F1-449EB4DDE85F}"
	ProjectSection(SolutionItems) = preProject
		libraries\Modules.build = libraries\Modules.build
	EndProjectSection
EndProject
Project("{FAE04EC0-301F-11D3-BF4B-00C04F79EFBC}") = "Monobjc", "libraries\Monobjc\Monobjc.csproj", "{DBFBEE0A-E5CE-40E8-9E34-34F0F54DACC1}"
EndProject
Project("{FAE04EC0-301F-11D3-BF4B-00C04F79EFBC}") = "Monobjc.Foundation", "libraries\Monobjc.Foundation\Monobjc.Foundation.csproj", "{DAB53EE6-F548-4FAC-892D-D2EB2386C4A4}"
EndProject
Project("{FAE04EC0-301F-11D3-BF4B-00C04F79EFBC}") = "Monobjc.AppKit", "libraries\Monobjc.AppKit\Monobjc.AppKit.csproj", "{66872377-EFC8-4AAC-BC0E-2084E967F8B1}"
EndProject
Project("{FAE04EC0-301F-11D3-BF4B-00C04F79EFBC}") = "Monobjc.AddressBook", "libraries\Monobjc.AddressBook\Monobjc.AddressBook.csproj", "{C9491B50-85B9-48B1-8DAD-7316948CC907}"
EndProject
Project("{FAE04EC0-301F-11D3-BF4B-00C04F79EFBC}") = "Monobjc.CoreLocation", "libraries\Monobjc.CoreLocation\Monobjc.CoreLocation.csproj", "{7B60D5F2-5029-4EC5-BD78-4B2E6A60CDF3}"
EndProject
Project("{FAE04EC0-301F-11D3-BF4B-00C04F79EFBC}") = "Monobjc.CoreWLAN", "libraries\Monobjc.CoreWLAN\Monobjc.CoreWLAN.csproj", "{FE5AC771-83D4-4C9F-87D0-A15B66BA9B09}"
EndProject
Project("{FAE04EC0-301F-11D3-BF4B-00C04F79EFBC}") = "Monobjc.SecurityFoundation", "libraries\Monobjc.SecurityFoundation\Monobjc.SecurityFoundation.csproj", "{B49863BB-D088-4AAC-8D2F-D8726F27A930}"
EndProject
Project("{FAE04EC0-301F-11D3-BF4B-00C04F79EFBC}") = "Monobjc.DiscRecording", "libraries\Monobjc.DiscRecording\Monobjc.DiscRecording.csproj", "{27AC818E-E237-4E0D-BAB7-7EA578F6AD32}"
EndProject
Project("{FAE04EC0-301F-11D3-BF4B-00C04F79EFBC}") = "Monobjc.DiscRecordingUI", "libraries\Monobjc.DiscRecordingUI\Monobjc.DiscRecordingUI.csproj", "{1323ED5E-5578-4F88-A75B-06BB32334F1F}"
EndProject
Project("{FAE04EC0-301F-11D3-BF4B-00C04F79EFBC}") = "Monobjc.Growl", "libraries\Monobjc.Growl\Monobjc.Growl.csproj", "{733D4B45-81AA-4475-9F43-D13FAAE967C0}"
EndProject
Project("{FAE04EC0-301F-11D3-BF4B-00C04F79EFBC}") = "Monobjc.InputMethodKit", "libraries\Monobjc.InputMethodKit\Monobjc.InputMethodKit.csproj", "{AB2977BC-4CA9-480E-964D-C6EFB74F0EB1}"
EndProject
Project("{FAE04EC0-301F-11D3-BF4B-00C04F79EFBC}") = "Monobjc.QTKit", "libraries\Monobjc.QTKit\Monobjc.QTKit.csproj", "{FF524E87-810C-4173-857A-943C0288EC8C}"
EndProject
Project("{FAE04EC0-301F-11D3-BF4B-00C04F79EFBC}") = "Monobjc.SecurityInterface", "libraries\Monobjc.SecurityInterface\Monobjc.SecurityInterface.csproj", "{DA344DE8-2FA3-4F0B-A898-3360BF4D4A38}"
EndProject
Project("{FAE04EC0-301F-11D3-BF4B-00C04F79EFBC}") = "Monobjc.Sparkle", "libraries\Monobjc.Sparkle\Monobjc.Sparkle.csproj", "{EB8F648E-FD0E-4C3A-9627-8A3D67877422}"
EndProject
Project("{FAE04EC0-301F-11D3-BF4B-00C04F79EFBC}") = "Monobjc.WebKit", "libraries\Monobjc.WebKit\Monobjc.WebKit.csproj", "{53DAF3A9-568F-468D-9CF1-FAE1CF63CACC}"
EndProject
Project("{FAE04EC0-301F-11D3-BF4B-00C04F79EFBC}") = "Monobjc.Quartz", "libraries\Monobjc.Quartz\Monobjc.Quartz.csproj", "{7227F9E4-CBA7-4A71-959D-B7DE7C5060C6}"
EndProject
Project("{FAE04EC0-301F-11D3-BF4B-00C04F79EFBC}") = "Monobjc.CorePlot", "libraries\Monobjc.CorePlot\Monobjc.CorePlot.csproj", "{03857C3D-12C4-4524-8DF0-3FBCB56C579E}"
EndProject
Project("{FAE04EC0-301F-11D3-BF4B-00C04F79EFBC}") = "Monobjc.SM2DGraphView", "libraries\Monobjc.SM2DGraphView\Monobjc.SM2DGraphView.csproj", "{F713D970-7752-49B0-A1A9-7D831085D95B}"
EndProject
Project("{FAE04EC0-301F-11D3-BF4B-00C04F79EFBC}") = "Monobjc.ScriptingBridge", "libraries\Monobjc.ScriptingBridge\Monobjc.ScriptingBridge.csproj", "{7A0D66ED-BE85-4976-828F-B88CD0AB00FA}"
EndProject
Project("{FAE04EC0-301F-11D3-BF4B-00C04F79EFBC}") = "Monobjc.OpenGL", "libraries\Monobjc.OpenGL\Monobjc.OpenGL.csproj", "{7D2F874C-9C0E-4CD5-8763-D71972F68325}"
EndProject
Project("{FAE04EC0-301F-11D3-BF4B-00C04F79EFBC}") = "Monobjc.Security", "libraries\Monobjc.Security\Monobjc.Security.csproj", "{D8948503-4D3A-4AE2-8C90-897C5AE18884}"
EndProject
Project("{FAE04EC0-301F-11D3-BF4B-00C04F79EFBC}") = "Monobjc.AVFoundation", "libraries\Monobjc.AVFoundation\Monobjc.AVFoundation.csproj", "{12672822-5B47-4C34-8D49-C78F5C76635C}"
EndProject
Project("{FAE04EC0-301F-11D3-BF4B-00C04F79EFBC}") = "Monobjc.CoreMedia", "libraries\Monobjc.CoreMedia\Monobjc.CoreMedia.csproj", "{1AD9281A-0897-4C58-A6B4-98E5FB469FA8}"
EndProject
Project("{FAE04EC0-301F-11D3-BF4B-00C04F79EFBC}") = "Monobjc.StoreKit", "libraries\Monobjc.StoreKit\Monobjc.StoreKit.csproj", "{4CB16373-18D9-488A-B267-565C88AD5E9D}"
EndProject
Project("{2150E333-8FDC-42A3-9474-1A3956D46DE8}") = "Tests", "Tests", "{C9CA3586-F7BD-4D17-B6E2-70D0E5CCB09B}"
	ProjectSection(SolutionItems) = preProject
		tests\Modules.build = tests\Modules.build
	EndProjectSection
EndProject
Project("{FAE04EC0-301F-11D3-BF4B-00C04F79EFBC}") = "Monobjc.Tests", "tests\Monobjc.Tests\Monobjc.Tests.csproj", "{2EB6BD6B-2243-4208-8425-CE189866ADF2}"
EndProject
Project("{FAE04EC0-301F-11D3-BF4B-00C04F79EFBC}") = "Monobjc.Foundation.Tests", "tests\Monobjc.Foundation.Tests\Monobjc.Foundation.Tests.csproj", "{17360D57-6ABF-4436-8901-69803920C754}"
EndProject
Project("{FAE04EC0-301F-11D3-BF4B-00C04F79EFBC}") = "Monobjc.AppKit.Tests", "tests\Monobjc.AppKit.Tests\Monobjc.AppKit.Tests.csproj", "{7D8FACFC-443D-4D7A-9E06-DE2D3E8A34C1}"
EndProject
Project("{FAE04EC0-301F-11D3-BF4B-00C04F79EFBC}") = "Monobjc.CorePlot.Tests", "tests\Monobjc.CorePlot.Tests\Monobjc.CorePlot.Tests.csproj", "{8CDAD5A0-94C5-46C4-ADEC-19693B4B8619}"
EndProject
Project("{FAE04EC0-301F-11D3-BF4B-00C04F79EFBC}") = "Monobjc.OpenGL.Tests", "tests\Monobjc.OpenGL.Tests\Monobjc.OpenGL.Tests.csproj", "{E11A67B8-8A32-4D2A-A435-00B362BE2AFD}"
EndProject
Project("{FAE04EC0-301F-11D3-BF4B-00C04F79EFBC}") = "Monobjc.Security.Tests", "tests\Monobjc.Security.Tests\Monobjc.Security.Tests.csproj", "{E285DF5B-56BC-4EB2-AF10-0E15879D2279}"
EndProject
Project("{FAE04EC0-301F-11D3-BF4B-00C04F79EFBC}") = "Monobjc.WebKit.Tests", "tests\Monobjc.WebKit.Tests\Monobjc.WebKit.Tests.csproj", "{1E37E7D3-5C78-4772-964E-2D890053C124}"
EndProject
Project("{2150E333-8FDC-42A3-9474-1A3956D46DE8}") = "Solution Items", "Solution Items", "{A0EA00FF-5BDF-47D2-BE84-269D1787C069}"
	ProjectSection(SolutionItems) = preProject
		Monobjc.build = Monobjc.build
		Monobjc.snk = Monobjc.snk
		Monobjc.sh = Monobjc.sh
	EndProjectSection
EndProject
Project("{2150E333-8FDC-42A3-9474-1A3956D46DE8}") = "Native", "Native", "{A35D8D95-5A95-45AA-9370-A7E8A52CF68C}"
	ProjectSection(SolutionItems) = preProject
		native\Modules.build = native\Modules.build
	EndProjectSection
EndProject
Project("{2150E333-8FDC-42A3-9474-1A3956D46DE8}") = "Tools", "Tools", "{98F78E3F-8433-4062-9B99-1E45B6F67A06}"
	ProjectSection(SolutionItems) = preProject
		tools\Monobjc-Tools.build = tools\Monobjc-Tools.build
	EndProjectSection
EndProject
Project("{FAE04EC0-301F-11D3-BF4B-00C04F79EFBC}") = "Monobjc.Generator", "tools\Monobjc.Generator\Monobjc.Generator.csproj", "{4E5AB71D-38C8-4F8F-BCCF-ABA04FD016EB}"
EndProject
Project("{FAE04EC0-301F-11D3-BF4B-00C04F79EFBC}") = "Monobjc.Generator.OpenGL", "tools\Monobjc.Generator.OpenGL\Monobjc.Generator.OpenGL.csproj", "{F0B65148-1657-4B4A-AB29-53D2625E5550}"
EndProject
Project("{FAE04EC0-301F-11D3-BF4B-00C04F79EFBC}") = "Monobjc.Doxygenator", "tools\Monobjc.Doxygenator\Monobjc.Doxygenator.csproj", "{9CF48D68-660D-4F3A-A93F-8A993C32EE4A}"
EndProject
Project("{FAE04EC0-301F-11D3-BF4B-00C04F79EFBC}") = "Monobjc.Tools", "tools\Monobjc.Tools\Monobjc.Tools.csproj", "{C44005EC-E057-4636-96E2-637CA83F5170}"
EndProject
Project("{FAE04EC0-301F-11D3-BF4B-00C04F79EFBC}") = "Monobjc.Sdp", "tools\Monobjc.Sdp\Monobjc.Sdp.csproj", "{7225DDBC-2BBA-4F64-B102-B8D1A3C3B700}"
EndProject
Project("{FAE04EC0-301F-11D3-BF4B-00C04F79EFBC}") = "Monobjc.MSBuild", "tools\Monobjc.MSBuild\Monobjc.MSBuild.csproj", "{4426C325-ED0D-4FEF-86E7-24EE923D0374}"
EndProject
Project("{FAE04EC0-301F-11D3-BF4B-00C04F79EFBC}") = "Monobjc.NAnt", "tools\Monobjc.NAnt\Monobjc.NAnt.csproj", "{7CE7AE40-3942-4849-93F9-A18F3A4D1D8A}"
EndProject
Global
	GlobalSection(SolutionConfigurationPlatforms) = preSolution
		Debug|Any CPU = Debug|Any CPU
		Release|Any CPU = Release|Any CPU
	EndGlobalSection
	GlobalSection(ProjectConfigurationPlatforms) = postSolution
		{03857C3D-12C4-4524-8DF0-3FBCB56C579E}.Debug|Any CPU.ActiveCfg = Debug|Any CPU
		{03857C3D-12C4-4524-8DF0-3FBCB56C579E}.Debug|Any CPU.Build.0 = Debug|Any CPU
		{03857C3D-12C4-4524-8DF0-3FBCB56C579E}.Release|Any CPU.ActiveCfg = Release|Any CPU
		{03857C3D-12C4-4524-8DF0-3FBCB56C579E}.Release|Any CPU.Build.0 = Release|Any CPU
		{12672822-5B47-4C34-8D49-C78F5C76635C}.Debug|Any CPU.ActiveCfg = Debug|Any CPU
		{12672822-5B47-4C34-8D49-C78F5C76635C}.Debug|Any CPU.Build.0 = Debug|Any CPU
		{12672822-5B47-4C34-8D49-C78F5C76635C}.Release|Any CPU.ActiveCfg = Release|Any CPU
		{12672822-5B47-4C34-8D49-C78F5C76635C}.Release|Any CPU.Build.0 = Release|Any CPU
		{1323ED5E-5578-4F88-A75B-06BB32334F1F}.Debug|Any CPU.ActiveCfg = Debug|Any CPU
		{1323ED5E-5578-4F88-A75B-06BB32334F1F}.Debug|Any CPU.Build.0 = Debug|Any CPU
		{1323ED5E-5578-4F88-A75B-06BB32334F1F}.Release|Any CPU.ActiveCfg = Release|Any CPU
		{1323ED5E-5578-4F88-A75B-06BB32334F1F}.Release|Any CPU.Build.0 = Release|Any CPU
		{17360D57-6ABF-4436-8901-69803920C754}.Debug|Any CPU.ActiveCfg = Debug|Any CPU
		{17360D57-6ABF-4436-8901-69803920C754}.Debug|Any CPU.Build.0 = Debug|Any CPU
		{17360D57-6ABF-4436-8901-69803920C754}.Release|Any CPU.ActiveCfg = Release|Any CPU
		{17360D57-6ABF-4436-8901-69803920C754}.Release|Any CPU.Build.0 = Release|Any CPU
		{1AD9281A-0897-4C58-A6B4-98E5FB469FA8}.Debug|Any CPU.ActiveCfg = Debug|Any CPU
		{1AD9281A-0897-4C58-A6B4-98E5FB469FA8}.Debug|Any CPU.Build.0 = Debug|Any CPU
		{1AD9281A-0897-4C58-A6B4-98E5FB469FA8}.Release|Any CPU.ActiveCfg = Release|Any CPU
		{1AD9281A-0897-4C58-A6B4-98E5FB469FA8}.Release|Any CPU.Build.0 = Release|Any CPU
		{1E37E7D3-5C78-4772-964E-2D890053C124}.Debug|Any CPU.ActiveCfg = Debug|Any CPU
		{1E37E7D3-5C78-4772-964E-2D890053C124}.Debug|Any CPU.Build.0 = Debug|Any CPU
		{1E37E7D3-5C78-4772-964E-2D890053C124}.Release|Any CPU.ActiveCfg = Release|Any CPU
		{1E37E7D3-5C78-4772-964E-2D890053C124}.Release|Any CPU.Build.0 = Release|Any CPU
		{27AC818E-E237-4E0D-BAB7-7EA578F6AD32}.Debug|Any CPU.ActiveCfg = Debug|Any CPU
		{27AC818E-E237-4E0D-BAB7-7EA578F6AD32}.Debug|Any CPU.Build.0 = Debug|Any CPU
		{27AC818E-E237-4E0D-BAB7-7EA578F6AD32}.Release|Any CPU.ActiveCfg = Release|Any CPU
		{27AC818E-E237-4E0D-BAB7-7EA578F6AD32}.Release|Any CPU.Build.0 = Release|Any CPU
		{2EB6BD6B-2243-4208-8425-CE189866ADF2}.Debug|Any CPU.ActiveCfg = Debug|Any CPU
		{2EB6BD6B-2243-4208-8425-CE189866ADF2}.Debug|Any CPU.Build.0 = Debug|Any CPU
		{2EB6BD6B-2243-4208-8425-CE189866ADF2}.Release|Any CPU.ActiveCfg = Release|Any CPU
		{2EB6BD6B-2243-4208-8425-CE189866ADF2}.Release|Any CPU.Build.0 = Release|Any CPU
		{4426C325-ED0D-4FEF-86E7-24EE923D0374}.Debug|Any CPU.ActiveCfg = Debug|Any CPU
		{4426C325-ED0D-4FEF-86E7-24EE923D0374}.Debug|Any CPU.Build.0 = Debug|Any CPU
		{4426C325-ED0D-4FEF-86E7-24EE923D0374}.Release|Any CPU.ActiveCfg = Release|Any CPU
		{4426C325-ED0D-4FEF-86E7-24EE923D0374}.Release|Any CPU.Build.0 = Release|Any CPU
		{4CB16373-18D9-488A-B267-565C88AD5E9D}.Debug|Any CPU.ActiveCfg = Debug|Any CPU
		{4CB16373-18D9-488A-B267-565C88AD5E9D}.Debug|Any CPU.Build.0 = Debug|Any CPU
		{4CB16373-18D9-488A-B267-565C88AD5E9D}.Release|Any CPU.ActiveCfg = Release|Any CPU
		{4CB16373-18D9-488A-B267-565C88AD5E9D}.Release|Any CPU.Build.0 = Release|Any CPU
		{4E5AB71D-38C8-4F8F-BCCF-ABA04FD016EB}.Debug|Any CPU.ActiveCfg = Debug|Any CPU
		{4E5AB71D-38C8-4F8F-BCCF-ABA04FD016EB}.Debug|Any CPU.Build.0 = Debug|Any CPU
		{4E5AB71D-38C8-4F8F-BCCF-ABA04FD016EB}.Release|Any CPU.ActiveCfg = Release|Any CPU
		{4E5AB71D-38C8-4F8F-BCCF-ABA04FD016EB}.Release|Any CPU.Build.0 = Release|Any CPU
		{53DAF3A9-568F-468D-9CF1-FAE1CF63CACC}.Debug|Any CPU.ActiveCfg = Debug|Any CPU
		{53DAF3A9-568F-468D-9CF1-FAE1CF63CACC}.Debug|Any CPU.Build.0 = Debug|Any CPU
		{53DAF3A9-568F-468D-9CF1-FAE1CF63CACC}.Release|Any CPU.ActiveCfg = Release|Any CPU
		{53DAF3A9-568F-468D-9CF1-FAE1CF63CACC}.Release|Any CPU.Build.0 = Release|Any CPU
		{66872377-EFC8-4AAC-BC0E-2084E967F8B1}.Debug|Any CPU.ActiveCfg = Debug|Any CPU
		{66872377-EFC8-4AAC-BC0E-2084E967F8B1}.Debug|Any CPU.Build.0 = Debug|Any CPU
		{66872377-EFC8-4AAC-BC0E-2084E967F8B1}.Release|Any CPU.ActiveCfg = Release|Any CPU
		{66872377-EFC8-4AAC-BC0E-2084E967F8B1}.Release|Any CPU.Build.0 = Release|Any CPU
		{7225DDBC-2BBA-4F64-B102-B8D1A3C3B700}.Debug|Any CPU.ActiveCfg = Debug|Any CPU
		{7225DDBC-2BBA-4F64-B102-B8D1A3C3B700}.Debug|Any CPU.Build.0 = Debug|Any CPU
		{7225DDBC-2BBA-4F64-B102-B8D1A3C3B700}.Release|Any CPU.ActiveCfg = Release|Any CPU
		{7225DDBC-2BBA-4F64-B102-B8D1A3C3B700}.Release|Any CPU.Build.0 = Release|Any CPU
		{7227F9E4-CBA7-4A71-959D-B7DE7C5060C6}.Debug|Any CPU.ActiveCfg = Debug|Any CPU
		{7227F9E4-CBA7-4A71-959D-B7DE7C5060C6}.Debug|Any CPU.Build.0 = Debug|Any CPU
		{7227F9E4-CBA7-4A71-959D-B7DE7C5060C6}.Release|Any CPU.ActiveCfg = Release|Any CPU
		{7227F9E4-CBA7-4A71-959D-B7DE7C5060C6}.Release|Any CPU.Build.0 = Release|Any CPU
		{733D4B45-81AA-4475-9F43-D13FAAE967C0}.Debug|Any CPU.ActiveCfg = Debug|Any CPU
		{733D4B45-81AA-4475-9F43-D13FAAE967C0}.Debug|Any CPU.Build.0 = Debug|Any CPU
		{733D4B45-81AA-4475-9F43-D13FAAE967C0}.Release|Any CPU.ActiveCfg = Release|Any CPU
		{733D4B45-81AA-4475-9F43-D13FAAE967C0}.Release|Any CPU.Build.0 = Release|Any CPU
		{7A0D66ED-BE85-4976-828F-B88CD0AB00FA}.Debug|Any CPU.ActiveCfg = Debug|Any CPU
		{7A0D66ED-BE85-4976-828F-B88CD0AB00FA}.Debug|Any CPU.Build.0 = Debug|Any CPU
		{7A0D66ED-BE85-4976-828F-B88CD0AB00FA}.Release|Any CPU.ActiveCfg = Release|Any CPU
		{7A0D66ED-BE85-4976-828F-B88CD0AB00FA}.Release|Any CPU.Build.0 = Release|Any CPU
		{7B60D5F2-5029-4EC5-BD78-4B2E6A60CDF3}.Debug|Any CPU.ActiveCfg = Debug|Any CPU
		{7B60D5F2-5029-4EC5-BD78-4B2E6A60CDF3}.Debug|Any CPU.Build.0 = Debug|Any CPU
		{7B60D5F2-5029-4EC5-BD78-4B2E6A60CDF3}.Release|Any CPU.ActiveCfg = Release|Any CPU
		{7B60D5F2-5029-4EC5-BD78-4B2E6A60CDF3}.Release|Any CPU.Build.0 = Release|Any CPU
		{7CE7AE40-3942-4849-93F9-A18F3A4D1D8A}.Debug|Any CPU.ActiveCfg = Debug|Any CPU
		{7CE7AE40-3942-4849-93F9-A18F3A4D1D8A}.Debug|Any CPU.Build.0 = Debug|Any CPU
		{7CE7AE40-3942-4849-93F9-A18F3A4D1D8A}.Release|Any CPU.ActiveCfg = Release|Any CPU
		{7CE7AE40-3942-4849-93F9-A18F3A4D1D8A}.Release|Any CPU.Build.0 = Release|Any CPU
		{7D2F874C-9C0E-4CD5-8763-D71972F68325}.Debug|Any CPU.ActiveCfg = Debug|Any CPU
		{7D2F874C-9C0E-4CD5-8763-D71972F68325}.Debug|Any CPU.Build.0 = Debug|Any CPU
		{7D2F874C-9C0E-4CD5-8763-D71972F68325}.Release|Any CPU.ActiveCfg = Release|Any CPU
		{7D2F874C-9C0E-4CD5-8763-D71972F68325}.Release|Any CPU.Build.0 = Release|Any CPU
		{7D8FACFC-443D-4D7A-9E06-DE2D3E8A34C1}.Debug|Any CPU.ActiveCfg = Debug|Any CPU
		{7D8FACFC-443D-4D7A-9E06-DE2D3E8A34C1}.Debug|Any CPU.Build.0 = Debug|Any CPU
		{7D8FACFC-443D-4D7A-9E06-DE2D3E8A34C1}.Release|Any CPU.ActiveCfg = Release|Any CPU
		{7D8FACFC-443D-4D7A-9E06-DE2D3E8A34C1}.Release|Any CPU.Build.0 = Release|Any CPU
		{8CDAD5A0-94C5-46C4-ADEC-19693B4B8619}.Debug|Any CPU.ActiveCfg = Debug|Any CPU
		{8CDAD5A0-94C5-46C4-ADEC-19693B4B8619}.Debug|Any CPU.Build.0 = Debug|Any CPU
		{8CDAD5A0-94C5-46C4-ADEC-19693B4B8619}.Release|Any CPU.ActiveCfg = Release|Any CPU
		{8CDAD5A0-94C5-46C4-ADEC-19693B4B8619}.Release|Any CPU.Build.0 = Release|Any CPU
		{9CF48D68-660D-4F3A-A93F-8A993C32EE4A}.Debug|Any CPU.ActiveCfg = Debug|Any CPU
		{9CF48D68-660D-4F3A-A93F-8A993C32EE4A}.Debug|Any CPU.Build.0 = Debug|Any CPU
		{9CF48D68-660D-4F3A-A93F-8A993C32EE4A}.Release|Any CPU.ActiveCfg = Release|Any CPU
		{9CF48D68-660D-4F3A-A93F-8A993C32EE4A}.Release|Any CPU.Build.0 = Release|Any CPU
		{AB2977BC-4CA9-480E-964D-C6EFB74F0EB1}.Debug|Any CPU.ActiveCfg = Debug|Any CPU
		{AB2977BC-4CA9-480E-964D-C6EFB74F0EB1}.Debug|Any CPU.Build.0 = Debug|Any CPU
		{AB2977BC-4CA9-480E-964D-C6EFB74F0EB1}.Release|Any CPU.ActiveCfg = Release|Any CPU
		{AB2977BC-4CA9-480E-964D-C6EFB74F0EB1}.Release|Any CPU.Build.0 = Release|Any CPU
		{B49863BB-D088-4AAC-8D2F-D8726F27A930}.Debug|Any CPU.ActiveCfg = Debug|Any CPU
		{B49863BB-D088-4AAC-8D2F-D8726F27A930}.Debug|Any CPU.Build.0 = Debug|Any CPU
		{B49863BB-D088-4AAC-8D2F-D8726F27A930}.Release|Any CPU.ActiveCfg = Release|Any CPU
		{B49863BB-D088-4AAC-8D2F-D8726F27A930}.Release|Any CPU.Build.0 = Release|Any CPU
		{C44005EC-E057-4636-96E2-637CA83F5170}.Debug|Any CPU.ActiveCfg = Debug|Any CPU
		{C44005EC-E057-4636-96E2-637CA83F5170}.Debug|Any CPU.Build.0 = Debug|Any CPU
		{C44005EC-E057-4636-96E2-637CA83F5170}.Release|Any CPU.ActiveCfg = Release|Any CPU
		{C44005EC-E057-4636-96E2-637CA83F5170}.Release|Any CPU.Build.0 = Release|Any CPU
		{C9491B50-85B9-48B1-8DAD-7316948CC907}.Debug|Any CPU.ActiveCfg = Debug|Any CPU
		{C9491B50-85B9-48B1-8DAD-7316948CC907}.Debug|Any CPU.Build.0 = Debug|Any CPU
		{C9491B50-85B9-48B1-8DAD-7316948CC907}.Release|Any CPU.ActiveCfg = Release|Any CPU
		{C9491B50-85B9-48B1-8DAD-7316948CC907}.Release|Any CPU.Build.0 = Release|Any CPU
		{D8948503-4D3A-4AE2-8C90-897C5AE18884}.Debug|Any CPU.ActiveCfg = Debug|Any CPU
		{D8948503-4D3A-4AE2-8C90-897C5AE18884}.Debug|Any CPU.Build.0 = Debug|Any CPU
		{D8948503-4D3A-4AE2-8C90-897C5AE18884}.Release|Any CPU.ActiveCfg = Release|Any CPU
		{D8948503-4D3A-4AE2-8C90-897C5AE18884}.Release|Any CPU.Build.0 = Release|Any CPU
		{DA344DE8-2FA3-4F0B-A898-3360BF4D4A38}.Debug|Any CPU.ActiveCfg = Debug|Any CPU
		{DA344DE8-2FA3-4F0B-A898-3360BF4D4A38}.Debug|Any CPU.Build.0 = Debug|Any CPU
		{DA344DE8-2FA3-4F0B-A898-3360BF4D4A38}.Release|Any CPU.ActiveCfg = Release|Any CPU
		{DA344DE8-2FA3-4F0B-A898-3360BF4D4A38}.Release|Any CPU.Build.0 = Release|Any CPU
		{DAB53EE6-F548-4FAC-892D-D2EB2386C4A4}.Debug|Any CPU.ActiveCfg = Debug|Any CPU
		{DAB53EE6-F548-4FAC-892D-D2EB2386C4A4}.Debug|Any CPU.Build.0 = Debug|Any CPU
		{DAB53EE6-F548-4FAC-892D-D2EB2386C4A4}.Release|Any CPU.ActiveCfg = Release|Any CPU
		{DAB53EE6-F548-4FAC-892D-D2EB2386C4A4}.Release|Any CPU.Build.0 = Release|Any CPU
		{DBFBEE0A-E5CE-40E8-9E34-34F0F54DACC1}.Debug|Any CPU.ActiveCfg = Debug|Any CPU
		{DBFBEE0A-E5CE-40E8-9E34-34F0F54DACC1}.Debug|Any CPU.Build.0 = Debug|Any CPU
		{DBFBEE0A-E5CE-40E8-9E34-34F0F54DACC1}.Release|Any CPU.ActiveCfg = Release|Any CPU
		{DBFBEE0A-E5CE-40E8-9E34-34F0F54DACC1}.Release|Any CPU.Build.0 = Release|Any CPU
		{E11A67B8-8A32-4D2A-A435-00B362BE2AFD}.Debug|Any CPU.ActiveCfg = Debug|Any CPU
		{E11A67B8-8A32-4D2A-A435-00B362BE2AFD}.Debug|Any CPU.Build.0 = Debug|Any CPU
		{E11A67B8-8A32-4D2A-A435-00B362BE2AFD}.Release|Any CPU.ActiveCfg = Release|Any CPU
		{E11A67B8-8A32-4D2A-A435-00B362BE2AFD}.Release|Any CPU.Build.0 = Release|Any CPU
		{E285DF5B-56BC-4EB2-AF10-0E15879D2279}.Debug|Any CPU.ActiveCfg = Debug|Any CPU
		{E285DF5B-56BC-4EB2-AF10-0E15879D2279}.Debug|Any CPU.Build.0 = Debug|Any CPU
		{E285DF5B-56BC-4EB2-AF10-0E15879D2279}.Release|Any CPU.ActiveCfg = Release|Any CPU
		{E285DF5B-56BC-4EB2-AF10-0E15879D2279}.Release|Any CPU.Build.0 = Release|Any CPU
		{EB8F648E-FD0E-4C3A-9627-8A3D67877422}.Debug|Any CPU.ActiveCfg = Debug|Any CPU
		{EB8F648E-FD0E-4C3A-9627-8A3D67877422}.Debug|Any CPU.Build.0 = Debug|Any CPU
		{EB8F648E-FD0E-4C3A-9627-8A3D67877422}.Release|Any CPU.ActiveCfg = Release|Any CPU
		{EB8F648E-FD0E-4C3A-9627-8A3D67877422}.Release|Any CPU.Build.0 = Release|Any CPU
		{F0B65148-1657-4B4A-AB29-53D2625E5550}.Debug|Any CPU.ActiveCfg = Debug|Any CPU
		{F0B65148-1657-4B4A-AB29-53D2625E5550}.Debug|Any CPU.Build.0 = Debug|Any CPU
		{F0B65148-1657-4B4A-AB29-53D2625E5550}.Release|Any CPU.ActiveCfg = Release|Any CPU
		{F0B65148-1657-4B4A-AB29-53D2625E5550}.Release|Any CPU.Build.0 = Release|Any CPU
		{F713D970-7752-49B0-A1A9-7D831085D95B}.Debug|Any CPU.ActiveCfg = Debug|Any CPU
		{F713D970-7752-49B0-A1A9-7D831085D95B}.Debug|Any CPU.Build.0 = Debug|Any CPU
		{F713D970-7752-49B0-A1A9-7D831085D95B}.Release|Any CPU.ActiveCfg = Release|Any CPU
		{F713D970-7752-49B0-A1A9-7D831085D95B}.Release|Any CPU.Build.0 = Release|Any CPU
		{FE5AC771-83D4-4C9F-87D0-A15B66BA9B09}.Debug|Any CPU.ActiveCfg = Debug|Any CPU
		{FE5AC771-83D4-4C9F-87D0-A15B66BA9B09}.Debug|Any CPU.Build.0 = Debug|Any CPU
		{FE5AC771-83D4-4C9F-87D0-A15B66BA9B09}.Release|Any CPU.ActiveCfg = Release|Any CPU
		{FE5AC771-83D4-4C9F-87D0-A15B66BA9B09}.Release|Any CPU.Build.0 = Release|Any CPU
		{FF524E87-810C-4173-857A-943C0288EC8C}.Debug|Any CPU.ActiveCfg = Debug|Any CPU
		{FF524E87-810C-4173-857A-943C0288EC8C}.Debug|Any CPU.Build.0 = Debug|Any CPU
		{FF524E87-810C-4173-857A-943C0288EC8C}.Release|Any CPU.ActiveCfg = Release|Any CPU
		{FF524E87-810C-4173-857A-943C0288EC8C}.Release|Any CPU.Build.0 = Release|Any CPU
	EndGlobalSection
	GlobalSection(NestedProjects) = preSolution
		{DBFBEE0A-E5CE-40E8-9E34-34F0F54DACC1} = {84E05B26-2C67-4D75-A6F1-449EB4DDE85F}
		{DAB53EE6-F548-4FAC-892D-D2EB2386C4A4} = {84E05B26-2C67-4D75-A6F1-449EB4DDE85F}
		{66872377-EFC8-4AAC-BC0E-2084E967F8B1} = {84E05B26-2C67-4D75-A6F1-449EB4DDE85F}
		{C9491B50-85B9-48B1-8DAD-7316948CC907} = {84E05B26-2C67-4D75-A6F1-449EB4DDE85F}
		{7B60D5F2-5029-4EC5-BD78-4B2E6A60CDF3} = {84E05B26-2C67-4D75-A6F1-449EB4DDE85F}
		{FE5AC771-83D4-4C9F-87D0-A15B66BA9B09} = {84E05B26-2C67-4D75-A6F1-449EB4DDE85F}
		{B49863BB-D088-4AAC-8D2F-D8726F27A930} = {84E05B26-2C67-4D75-A6F1-449EB4DDE85F}
		{27AC818E-E237-4E0D-BAB7-7EA578F6AD32} = {84E05B26-2C67-4D75-A6F1-449EB4DDE85F}
		{1323ED5E-5578-4F88-A75B-06BB32334F1F} = {84E05B26-2C67-4D75-A6F1-449EB4DDE85F}
		{733D4B45-81AA-4475-9F43-D13FAAE967C0} = {84E05B26-2C67-4D75-A6F1-449EB4DDE85F}
		{AB2977BC-4CA9-480E-964D-C6EFB74F0EB1} = {84E05B26-2C67-4D75-A6F1-449EB4DDE85F}
		{FF524E87-810C-4173-857A-943C0288EC8C} = {84E05B26-2C67-4D75-A6F1-449EB4DDE85F}
		{DA344DE8-2FA3-4F0B-A898-3360BF4D4A38} = {84E05B26-2C67-4D75-A6F1-449EB4DDE85F}
		{EB8F648E-FD0E-4C3A-9627-8A3D67877422} = {84E05B26-2C67-4D75-A6F1-449EB4DDE85F}
		{53DAF3A9-568F-468D-9CF1-FAE1CF63CACC} = {84E05B26-2C67-4D75-A6F1-449EB4DDE85F}
		{7227F9E4-CBA7-4A71-959D-B7DE7C5060C6} = {84E05B26-2C67-4D75-A6F1-449EB4DDE85F}
		{03857C3D-12C4-4524-8DF0-3FBCB56C579E} = {84E05B26-2C67-4D75-A6F1-449EB4DDE85F}
		{F713D970-7752-49B0-A1A9-7D831085D95B} = {84E05B26-2C67-4D75-A6F1-449EB4DDE85F}
		{7A0D66ED-BE85-4976-828F-B88CD0AB00FA} = {84E05B26-2C67-4D75-A6F1-449EB4DDE85F}
		{7D2F874C-9C0E-4CD5-8763-D71972F68325} = {84E05B26-2C67-4D75-A6F1-449EB4DDE85F}
		{D8948503-4D3A-4AE2-8C90-897C5AE18884} = {84E05B26-2C67-4D75-A6F1-449EB4DDE85F}
		{12672822-5B47-4C34-8D49-C78F5C76635C} = {84E05B26-2C67-4D75-A6F1-449EB4DDE85F}
		{1AD9281A-0897-4C58-A6B4-98E5FB469FA8} = {84E05B26-2C67-4D75-A6F1-449EB4DDE85F}
		{4CB16373-18D9-488A-B267-565C88AD5E9D} = {84E05B26-2C67-4D75-A6F1-449EB4DDE85F}
		{2EB6BD6B-2243-4208-8425-CE189866ADF2} = {C9CA3586-F7BD-4D17-B6E2-70D0E5CCB09B}
		{17360D57-6ABF-4436-8901-69803920C754} = {C9CA3586-F7BD-4D17-B6E2-70D0E5CCB09B}
		{7D8FACFC-443D-4D7A-9E06-DE2D3E8A34C1} = {C9CA3586-F7BD-4D17-B6E2-70D0E5CCB09B}
		{8CDAD5A0-94C5-46C4-ADEC-19693B4B8619} = {C9CA3586-F7BD-4D17-B6E2-70D0E5CCB09B}
		{E11A67B8-8A32-4D2A-A435-00B362BE2AFD} = {C9CA3586-F7BD-4D17-B6E2-70D0E5CCB09B}
		{E285DF5B-56BC-4EB2-AF10-0E15879D2279} = {C9CA3586-F7BD-4D17-B6E2-70D0E5CCB09B}
		{1E37E7D3-5C78-4772-964E-2D890053C124} = {C9CA3586-F7BD-4D17-B6E2-70D0E5CCB09B}
		{4E5AB71D-38C8-4F8F-BCCF-ABA04FD016EB} = {98F78E3F-8433-4062-9B99-1E45B6F67A06}
		{F0B65148-1657-4B4A-AB29-53D2625E5550} = {98F78E3F-8433-4062-9B99-1E45B6F67A06}
		{9CF48D68-660D-4F3A-A93F-8A993C32EE4A} = {98F78E3F-8433-4062-9B99-1E45B6F67A06}
		{C44005EC-E057-4636-96E2-637CA83F5170} = {98F78E3F-8433-4062-9B99-1E45B6F67A06}
		{7225DDBC-2BBA-4F64-B102-B8D1A3C3B700} = {98F78E3F-8433-4062-9B99-1E45B6F67A06}
		{4426C325-ED0D-4FEF-86E7-24EE923D0374} = {98F78E3F-8433-4062-9B99-1E45B6F67A06}
		{7CE7AE40-3942-4849-93F9-A18F3A4D1D8A} = {98F78E3F-8433-4062-9B99-1E45B6F67A06}
	EndGlobalSection
	GlobalSection(MonoDevelopProperties) = preSolution
		StartupItem = libraries\Monobjc\Monobjc.csproj
	EndGlobalSection
	GlobalSection(SolutionProperties) = preSolution
		HideSolutionNode = FALSE
	EndGlobalSection
EndGlobal
