
Microsoft Visual Studio Solution File, Format Version 11.00
# Visual Studio 2010
Project("{2150E333-8FDC-42A3-9474-1A3956D46DE8}") = "Libraries", "Libraries", "{84E05B26-2C67-4D75-A6F1-449EB4DDE85F}"
	ProjectSection(SolutionItems) = preProject
		libraries\Modules.build = libraries\Modules.build
	EndProjectSection
EndProject
Project("{FAE04EC0-301F-11D3-BF4B-00C04F79EFBC}") = "Monobjc", "libraries\Monobjc\Monobjc.csproj", "{DBFBEE0A-E5CE-40E8-9E34-34F0F54DACC1}"
EndProject
Project("{FAE04EC0-301F-11D3-BF4B-00C04F79EFBC}") = "Monobjc.Foundation", "libraries\Monobjc.Foundation\Monobjc.Foundation.csproj", "{DAB53EE6-F548-4FAC-892D-D2EB2386C4A4}"
EndProject
Project("{FAE04EC0-301F-11D3-BF4B-00C04F79EFBC}") = "Monobjc.AppKit", "libraries\Monobjc.AppKit\Monobjc.AppKit.csproj", "{66872377-EFC8-4AAC-BC0E-2084E967F8B1}"
EndProject
Project("{FAE04EC0-301F-11D3-BF4B-00C04F79EFBC}") = "Monobjc.AddressBook", "libraries\Monobjc.AddressBook\Monobjc.AddressBook.csproj", "{C9491B50-85B9-48B1-8DAD-7316948CC907}"
EndProject
Project("{FAE04EC0-301F-11D3-BF4B-00C04F79EFBC}") = "Monobjc.CoreLocation", "libraries\Monobjc.CoreLocation\Monobjc.CoreLocation.csproj", "{7B60D5F2-5029-4EC5-BD78-4B2E6A60CDF3}"
EndProject
Project("{FAE04EC0-301F-11D3-BF4B-00C04F79EFBC}") = "Monobjc.CoreWLAN", "libraries\Monobjc.CoreWLAN\Monobjc.CoreWLAN.csproj", "{FE5AC771-83D4-4C9F-87D0-A15B66BA9B09}"
EndProject
Project("{FAE04EC0-301F-11D3-BF4B-00C04F79EFBC}") = "Monobjc.SecurityFoundation", "libraries\Monobjc.SecurityFoundation\Monobjc.SecurityFoundation.csproj", "{B49863BB-D088-4AAC-8D2F-D8726F27A930}"
EndProject
Project("{FAE04EC0-301F-11D3-BF4B-00C04F79EFBC}") = "Monobjc.DiscRecording", "libraries\Monobjc.DiscRecording\Monobjc.DiscRecording.csproj", "{27AC818E-E237-4E0D-BAB7-7EA578F6AD32}"
EndProject
Project("{FAE04EC0-301F-11D3-BF4B-00C04F79EFBC}") = "Monobjc.DiscRecordingUI", "libraries\Monobjc.DiscRecordingUI\Monobjc.DiscRecordingUI.csproj", "{1323ED5E-5578-4F88-A75B-06BB32334F1F}"
EndProject
Project("{FAE04EC0-301F-11D3-BF4B-00C04F79EFBC}") = "Monobjc.Growl", "libraries\Monobjc.Growl\Monobjc.Growl.csproj", "{733D4B45-81AA-4475-9F43-D13FAAE967C0}"
EndProject
Project("{FAE04EC0-301F-11D3-BF4B-00C04F79EFBC}") = "Monobjc.ImageKit", "libraries\Monobjc.ImageKit\Monobjc.ImageKit.csproj", "{9C32FBF2-FDFB-45B6-8050-17367891B1AE}"
EndProject
Project("{FAE04EC0-301F-11D3-BF4B-00C04F79EFBC}") = "Monobjc.InputMethodKit", "libraries\Monobjc.InputMethodKit\Monobjc.InputMethodKit.csproj", "{AB2977BC-4CA9-480E-964D-C6EFB74F0EB1}"
EndProject
Project("{FAE04EC0-301F-11D3-BF4B-00C04F79EFBC}") = "Monobjc.PDFKit", "libraries\Monobjc.PDFKit\Monobjc.PDFKit.csproj", "{0AEACFB7-2AE5-46D9-88CA-0D585E6F7540}"
EndProject
Project("{FAE04EC0-301F-11D3-BF4B-00C04F79EFBC}") = "Monobjc.QTKit", "libraries\Monobjc.QTKit\Monobjc.QTKit.csproj", "{FF524E87-810C-4173-857A-943C0288EC8C}"
EndProject
Project("{FAE04EC0-301F-11D3-BF4B-00C04F79EFBC}") = "Monobjc.QuartzComposer", "libraries\Monobjc.QuartzComposer\Monobjc.QuartzComposer.csproj", "{7227F9E4-CBA7-4A71-959D-B7DE7C5060C6}"
EndProject
Project("{FAE04EC0-301F-11D3-BF4B-00C04F79EFBC}") = "Monobjc.QuickLook", "libraries\Monobjc.QuickLook\Monobjc.QuickLook.csproj", "{2065439C-3493-4D29-A954-B816BE19428B}"
EndProject
Project("{FAE04EC0-301F-11D3-BF4B-00C04F79EFBC}") = "Monobjc.SecurityInterface", "libraries\Monobjc.SecurityInterface\Monobjc.SecurityInterface.csproj", "{DA344DE8-2FA3-4F0B-A898-3360BF4D4A38}"
EndProject
Project("{FAE04EC0-301F-11D3-BF4B-00C04F79EFBC}") = "Monobjc.Sparkle", "libraries\Monobjc.Sparkle\Monobjc.Sparkle.csproj", "{EB8F648E-FD0E-4C3A-9627-8A3D67877422}"
EndProject
Project("{FAE04EC0-301F-11D3-BF4B-00C04F79EFBC}") = "Monobjc.WebKit", "libraries\Monobjc.WebKit\Monobjc.WebKit.csproj", "{53DAF3A9-568F-468D-9CF1-FAE1CF63CACC}"
EndProject
Project("{2150E333-8FDC-42A3-9474-1A3956D46DE8}") = "Tests", "Tests", "{C9CA3586-F7BD-4D17-B6E2-70D0E5CCB09B}"
	ProjectSection(SolutionItems) = preProject
		tests\Modules.build = tests\Modules.build
	EndProjectSection
EndProject
Project("{FAE04EC0-301F-11D3-BF4B-00C04F79EFBC}") = "Monobjc.Tests", "tests\Monobjc.Tests\Monobjc.Tests.csproj", "{2EB6BD6B-2243-4208-8425-CE189866ADF2}"
EndProject
Project("{2150E333-8FDC-42A3-9474-1A3956D46DE8}") = "Solution Items", "Solution Items", "{A0EA00FF-5BDF-47D2-BE84-269D1787C069}"
	ProjectSection(SolutionItems) = preProject
		Monobjc.build = Monobjc.build
		Monobjc.snk = Monobjc.snk
	EndProjectSection
EndProject
Project("{2150E333-8FDC-42A3-9474-1A3956D46DE8}") = "Native", "Native", "{A35D8D95-5A95-45AA-9370-A7E8A52CF68C}"
	ProjectSection(SolutionItems) = preProject
		native\Modules.build = native\Modules.build
	EndProjectSection
EndProject
Global
	GlobalSection(SolutionConfigurationPlatforms) = preSolution
		Debug|Any CPU = Debug|Any CPU
		Release|Any CPU = Release|Any CPU
	EndGlobalSection
	GlobalSection(ProjectConfigurationPlatforms) = postSolution
		{0AEACFB7-2AE5-46D9-88CA-0D585E6F7540}.Debug|Any CPU.ActiveCfg = Debug|Any CPU
		{0AEACFB7-2AE5-46D9-88CA-0D585E6F7540}.Debug|Any CPU.Build.0 = Debug|Any CPU
		{0AEACFB7-2AE5-46D9-88CA-0D585E6F7540}.Release|Any CPU.ActiveCfg = Release|Any CPU
		{0AEACFB7-2AE5-46D9-88CA-0D585E6F7540}.Release|Any CPU.Build.0 = Release|Any CPU
		{1323ED5E-5578-4F88-A75B-06BB32334F1F}.Debug|Any CPU.ActiveCfg = Debug|Any CPU
		{1323ED5E-5578-4F88-A75B-06BB32334F1F}.Debug|Any CPU.Build.0 = Debug|Any CPU
		{1323ED5E-5578-4F88-A75B-06BB32334F1F}.Release|Any CPU.ActiveCfg = Release|Any CPU
		{1323ED5E-5578-4F88-A75B-06BB32334F1F}.Release|Any CPU.Build.0 = Release|Any CPU
		{2065439C-3493-4D29-A954-B816BE19428B}.Debug|Any CPU.ActiveCfg = Debug|Any CPU
		{2065439C-3493-4D29-A954-B816BE19428B}.Debug|Any CPU.Build.0 = Debug|Any CPU
		{2065439C-3493-4D29-A954-B816BE19428B}.Release|Any CPU.ActiveCfg = Release|Any CPU
		{2065439C-3493-4D29-A954-B816BE19428B}.Release|Any CPU.Build.0 = Release|Any CPU
		{27AC818E-E237-4E0D-BAB7-7EA578F6AD32}.Debug|Any CPU.ActiveCfg = Debug|Any CPU
		{27AC818E-E237-4E0D-BAB7-7EA578F6AD32}.Debug|Any CPU.Build.0 = Debug|Any CPU
		{27AC818E-E237-4E0D-BAB7-7EA578F6AD32}.Release|Any CPU.ActiveCfg = Release|Any CPU
		{27AC818E-E237-4E0D-BAB7-7EA578F6AD32}.Release|Any CPU.Build.0 = Release|Any CPU
		{2EB6BD6B-2243-4208-8425-CE189866ADF2}.Debug|Any CPU.ActiveCfg = Debug|Any CPU
		{2EB6BD6B-2243-4208-8425-CE189866ADF2}.Debug|Any CPU.Build.0 = Debug|Any CPU
		{2EB6BD6B-2243-4208-8425-CE189866ADF2}.Release|Any CPU.ActiveCfg = Release|Any CPU
		{2EB6BD6B-2243-4208-8425-CE189866ADF2}.Release|Any CPU.Build.0 = Release|Any CPU
		{53DAF3A9-568F-468D-9CF1-FAE1CF63CACC}.Debug|Any CPU.ActiveCfg = Debug|Any CPU
		{53DAF3A9-568F-468D-9CF1-FAE1CF63CACC}.Debug|Any CPU.Build.0 = Debug|Any CPU
		{53DAF3A9-568F-468D-9CF1-FAE1CF63CACC}.Release|Any CPU.ActiveCfg = Release|Any CPU
		{53DAF3A9-568F-468D-9CF1-FAE1CF63CACC}.Release|Any CPU.Build.0 = Release|Any CPU
		{66872377-EFC8-4AAC-BC0E-2084E967F8B1}.Debug|Any CPU.ActiveCfg = Debug|Any CPU
		{66872377-EFC8-4AAC-BC0E-2084E967F8B1}.Debug|Any CPU.Build.0 = Debug|Any CPU
		{66872377-EFC8-4AAC-BC0E-2084E967F8B1}.Release|Any CPU.ActiveCfg = Release|Any CPU
		{66872377-EFC8-4AAC-BC0E-2084E967F8B1}.Release|Any CPU.Build.0 = Release|Any CPU
		{7227F9E4-CBA7-4A71-959D-B7DE7C5060C6}.Debug|Any CPU.ActiveCfg = Debug|Any CPU
		{7227F9E4-CBA7-4A71-959D-B7DE7C5060C6}.Debug|Any CPU.Build.0 = Debug|Any CPU
		{7227F9E4-CBA7-4A71-959D-B7DE7C5060C6}.Release|Any CPU.ActiveCfg = Release|Any CPU
		{7227F9E4-CBA7-4A71-959D-B7DE7C5060C6}.Release|Any CPU.Build.0 = Release|Any CPU
		{733D4B45-81AA-4475-9F43-D13FAAE967C0}.Debug|Any CPU.ActiveCfg = Debug|Any CPU
		{733D4B45-81AA-4475-9F43-D13FAAE967C0}.Debug|Any CPU.Build.0 = Debug|Any CPU
		{733D4B45-81AA-4475-9F43-D13FAAE967C0}.Release|Any CPU.ActiveCfg = Release|Any CPU
		{733D4B45-81AA-4475-9F43-D13FAAE967C0}.Release|Any CPU.Build.0 = Release|Any CPU
		{7B60D5F2-5029-4EC5-BD78-4B2E6A60CDF3}.Debug|Any CPU.ActiveCfg = Debug|Any CPU
		{7B60D5F2-5029-4EC5-BD78-4B2E6A60CDF3}.Debug|Any CPU.Build.0 = Debug|Any CPU
		{7B60D5F2-5029-4EC5-BD78-4B2E6A60CDF3}.Release|Any CPU.ActiveCfg = Release|Any CPU
		{7B60D5F2-5029-4EC5-BD78-4B2E6A60CDF3}.Release|Any CPU.Build.0 = Release|Any CPU
		{9C32FBF2-FDFB-45B6-8050-17367891B1AE}.Debug|Any CPU.ActiveCfg = Debug|Any CPU
		{9C32FBF2-FDFB-45B6-8050-17367891B1AE}.Debug|Any CPU.Build.0 = Debug|Any CPU
		{9C32FBF2-FDFB-45B6-8050-17367891B1AE}.Release|Any CPU.ActiveCfg = Release|Any CPU
		{9C32FBF2-FDFB-45B6-8050-17367891B1AE}.Release|Any CPU.Build.0 = Release|Any CPU
		{AB2977BC-4CA9-480E-964D-C6EFB74F0EB1}.Debug|Any CPU.ActiveCfg = Debug|Any CPU
		{AB2977BC-4CA9-480E-964D-C6EFB74F0EB1}.Debug|Any CPU.Build.0 = Debug|Any CPU
		{AB2977BC-4CA9-480E-964D-C6EFB74F0EB1}.Release|Any CPU.ActiveCfg = Release|Any CPU
		{AB2977BC-4CA9-480E-964D-C6EFB74F0EB1}.Release|Any CPU.Build.0 = Release|Any CPU
		{B49863BB-D088-4AAC-8D2F-D8726F27A930}.Debug|Any CPU.ActiveCfg = Debug|Any CPU
		{B49863BB-D088-4AAC-8D2F-D8726F27A930}.Debug|Any CPU.Build.0 = Debug|Any CPU
		{B49863BB-D088-4AAC-8D2F-D8726F27A930}.Release|Any CPU.ActiveCfg = Release|Any CPU
		{B49863BB-D088-4AAC-8D2F-D8726F27A930}.Release|Any CPU.Build.0 = Release|Any CPU
		{C9491B50-85B9-48B1-8DAD-7316948CC907}.Debug|Any CPU.ActiveCfg = Debug|Any CPU
		{C9491B50-85B9-48B1-8DAD-7316948CC907}.Debug|Any CPU.Build.0 = Debug|Any CPU
		{C9491B50-85B9-48B1-8DAD-7316948CC907}.Release|Any CPU.ActiveCfg = Release|Any CPU
		{C9491B50-85B9-48B1-8DAD-7316948CC907}.Release|Any CPU.Build.0 = Release|Any CPU
		{DA344DE8-2FA3-4F0B-A898-3360BF4D4A38}.Debug|Any CPU.ActiveCfg = Debug|Any CPU
		{DA344DE8-2FA3-4F0B-A898-3360BF4D4A38}.Debug|Any CPU.Build.0 = Debug|Any CPU
		{DA344DE8-2FA3-4F0B-A898-3360BF4D4A38}.Release|Any CPU.ActiveCfg = Release|Any CPU
		{DA344DE8-2FA3-4F0B-A898-3360BF4D4A38}.Release|Any CPU.Build.0 = Release|Any CPU
		{DAB53EE6-F548-4FAC-892D-D2EB2386C4A4}.Debug|Any CPU.ActiveCfg = Debug|Any CPU
		{DAB53EE6-F548-4FAC-892D-D2EB2386C4A4}.Debug|Any CPU.Build.0 = Debug|Any CPU
		{DAB53EE6-F548-4FAC-892D-D2EB2386C4A4}.Release|Any CPU.ActiveCfg = Release|Any CPU
		{DAB53EE6-F548-4FAC-892D-D2EB2386C4A4}.Release|Any CPU.Build.0 = Release|Any CPU
		{DBFBEE0A-E5CE-40E8-9E34-34F0F54DACC1}.Debug|Any CPU.ActiveCfg = Debug|Any CPU
		{DBFBEE0A-E5CE-40E8-9E34-34F0F54DACC1}.Debug|Any CPU.Build.0 = Debug|Any CPU
		{DBFBEE0A-E5CE-40E8-9E34-34F0F54DACC1}.Release|Any CPU.ActiveCfg = Release|Any CPU
		{DBFBEE0A-E5CE-40E8-9E34-34F0F54DACC1}.Release|Any CPU.Build.0 = Release|Any CPU
		{EB8F648E-FD0E-4C3A-9627-8A3D67877422}.Debug|Any CPU.ActiveCfg = Debug|Any CPU
		{EB8F648E-FD0E-4C3A-9627-8A3D67877422}.Debug|Any CPU.Build.0 = Debug|Any CPU
		{EB8F648E-FD0E-4C3A-9627-8A3D67877422}.Release|Any CPU.ActiveCfg = Release|Any CPU
		{EB8F648E-FD0E-4C3A-9627-8A3D67877422}.Release|Any CPU.Build.0 = Release|Any CPU
		{FE5AC771-83D4-4C9F-87D0-A15B66BA9B09}.Debug|Any CPU.ActiveCfg = Debug|Any CPU
		{FE5AC771-83D4-4C9F-87D0-A15B66BA9B09}.Debug|Any CPU.Build.0 = Debug|Any CPU
		{FE5AC771-83D4-4C9F-87D0-A15B66BA9B09}.Release|Any CPU.ActiveCfg = Release|Any CPU
		{FE5AC771-83D4-4C9F-87D0-A15B66BA9B09}.Release|Any CPU.Build.0 = Release|Any CPU
		{FF524E87-810C-4173-857A-943C0288EC8C}.Debug|Any CPU.ActiveCfg = Debug|Any CPU
		{FF524E87-810C-4173-857A-943C0288EC8C}.Debug|Any CPU.Build.0 = Debug|Any CPU
		{FF524E87-810C-4173-857A-943C0288EC8C}.Release|Any CPU.ActiveCfg = Release|Any CPU
		{FF524E87-810C-4173-857A-943C0288EC8C}.Release|Any CPU.Build.0 = Release|Any CPU
	EndGlobalSection
	GlobalSection(NestedProjects) = preSolution
		{DBFBEE0A-E5CE-40E8-9E34-34F0F54DACC1} = {84E05B26-2C67-4D75-A6F1-449EB4DDE85F}
		{DAB53EE6-F548-4FAC-892D-D2EB2386C4A4} = {84E05B26-2C67-4D75-A6F1-449EB4DDE85F}
		{66872377-EFC8-4AAC-BC0E-2084E967F8B1} = {84E05B26-2C67-4D75-A6F1-449EB4DDE85F}
		{C9491B50-85B9-48B1-8DAD-7316948CC907} = {84E05B26-2C67-4D75-A6F1-449EB4DDE85F}
		{7B60D5F2-5029-4EC5-BD78-4B2E6A60CDF3} = {84E05B26-2C67-4D75-A6F1-449EB4DDE85F}
		{FE5AC771-83D4-4C9F-87D0-A15B66BA9B09} = {84E05B26-2C67-4D75-A6F1-449EB4DDE85F}
		{B49863BB-D088-4AAC-8D2F-D8726F27A930} = {84E05B26-2C67-4D75-A6F1-449EB4DDE85F}
		{27AC818E-E237-4E0D-BAB7-7EA578F6AD32} = {84E05B26-2C67-4D75-A6F1-449EB4DDE85F}
		{1323ED5E-5578-4F88-A75B-06BB32334F1F} = {84E05B26-2C67-4D75-A6F1-449EB4DDE85F}
		{733D4B45-81AA-4475-9F43-D13FAAE967C0} = {84E05B26-2C67-4D75-A6F1-449EB4DDE85F}
		{9C32FBF2-FDFB-45B6-8050-17367891B1AE} = {84E05B26-2C67-4D75-A6F1-449EB4DDE85F}
		{AB2977BC-4CA9-480E-964D-C6EFB74F0EB1} = {84E05B26-2C67-4D75-A6F1-449EB4DDE85F}
		{0AEACFB7-2AE5-46D9-88CA-0D585E6F7540} = {84E05B26-2C67-4D75-A6F1-449EB4DDE85F}
		{FF524E87-810C-4173-857A-943C0288EC8C} = {84E05B26-2C67-4D75-A6F1-449EB4DDE85F}
		{7227F9E4-CBA7-4A71-959D-B7DE7C5060C6} = {84E05B26-2C67-4D75-A6F1-449EB4DDE85F}
		{2065439C-3493-4D29-A954-B816BE19428B} = {84E05B26-2C67-4D75-A6F1-449EB4DDE85F}
		{DA344DE8-2FA3-4F0B-A898-3360BF4D4A38} = {84E05B26-2C67-4D75-A6F1-449EB4DDE85F}
		{EB8F648E-FD0E-4C3A-9627-8A3D67877422} = {84E05B26-2C67-4D75-A6F1-449EB4DDE85F}
		{53DAF3A9-568F-468D-9CF1-FAE1CF63CACC} = {84E05B26-2C67-4D75-A6F1-449EB4DDE85F}
		{2EB6BD6B-2243-4208-8425-CE189866ADF2} = {C9CA3586-F7BD-4D17-B6E2-70D0E5CCB09B}
	EndGlobalSection
	GlobalSection(MonoDevelopProperties) = preSolution
		StartupItem = libraries\Monobjc\Monobjc.csproj
	EndGlobalSection
	GlobalSection(SolutionProperties) = preSolution
		HideSolutionNode = FALSE
	EndGlobalSection
	GlobalSection(MercurialSourceControlSolutionProperties) = preSolution
		SolutionIsControlled = True
		SolutionBindings = <Solution Location In Database>
	EndGlobalSection
EndGlobal
